
Microsoft Visual Studio Solution File, Format Version 12.00
# Visual Studio Version 16
VisualStudioVersion = 16.0.29911.84
MinimumVisualStudioVersion = 10.0.40219.1
Project("{FAE04EC0-301F-11D3-BF4B-00C04F79EFBC}") = "Numeric addition", "Numeric addition\Numeric addition.csproj", "{60D69765-F0C4-4D33-860A-A9396982A613}"
EndProject
Global
	GlobalSection(SolutionConfigurationPlatforms) = preSolution
		Debug|Any CPU = Debug|Any CPU
		Release|Any CPU = Release|Any CPU
	EndGlobalSection
	GlobalSection(ProjectConfigurationPlatforms) = postSolution
		{60D69765-F0C4-4D33-860A-A9396982A613}.Debug|Any CPU.ActiveCfg = Debug|Any CPU
		{60D69765-F0C4-4D33-860A-A9396982A613}.Debug|Any CPU.Build.0 = Debug|Any CPU
		{60D69765-F0C4-4D33-860A-A9396982A613}.Release|Any CPU.ActiveCfg = Release|Any CPU
		{60D69765-F0C4-4D33-860A-A9396982A613}.Release|Any CPU.Build.0 = Release|Any CPU
	EndGlobalSection
	GlobalSection(SolutionProperties) = preSolution
		HideSolutionNode = FALSE
	EndGlobalSection
	GlobalSection(ExtensibilityGlobals) = postSolution
		SolutionGuid = {17F45FBF-9D5C-4B63-A601-709E6A442131}
	EndGlobalSection
EndGlobal
